
Microsoft Visual Studio Solution File, Format Version 11.00
# Visual Studio 2010
Project("{FAE04EC0-301F-11D3-BF4B-00C04F79EFBC}") = "Assembly-CSharp", "Assembly-CSharp\Assembly-CSharp.csproj", "{600579F5-FE1E-454B-AB27-819925990CCD}"
EndProject
Global
	GlobalSection(SolutionConfigurationPlatforms) = preSolution
		Debug|Any CPU = Debug|Any CPU
		Release|Any CPU = Release|Any CPU
	EndGlobalSection
	GlobalSection(ProjectConfigurationPlatforms) = postSolution
		{600579F5-FE1E-454B-AB27-819925990CCD}.Debug|Any CPU.ActiveCfg = Debug|Any CPU
		{600579F5-FE1E-454B-AB27-819925990CCD}.Debug|Any CPU.Build.0 = Debug|Any CPU
		{600579F5-FE1E-454B-AB27-819925990CCD}.Release|Any CPU.ActiveCfg = Release|Any CPU
		{600579F5-FE1E-454B-AB27-819925990CCD}.Release|Any CPU.Build.0 = Release|Any CPU
	EndGlobalSection
	GlobalSection(SolutionProperties) = preSolution
		HideSolutionNode = FALSE
	EndGlobalSection
EndGlobal
